
Microsoft Visual Studio Solution File, Format Version 12.00
# Visual Studio 15
VisualStudioVersion = 15.0.28307.572
MinimumVisualStudioVersion = 10.0.40219.1
Project("{FAE04EC0-301F-11D3-BF4B-00C04F79EFBC}") = "COLLECTIONSEXAMPLES", "COLLECTIONSEXAMPLES\COLLECTIONSEXAMPLES.csproj", "{00558FA9-28E5-425F-8477-F12C2AC2273F}"
EndProject
Global
	GlobalSection(SolutionConfigurationPlatforms) = preSolution
		Debug|Any CPU = Debug|Any CPU
		Release|Any CPU = Release|Any CPU
	EndGlobalSection
	GlobalSection(ProjectConfigurationPlatforms) = postSolution
		{00558FA9-28E5-425F-8477-F12C2AC2273F}.Debug|Any CPU.ActiveCfg = Debug|Any CPU
		{00558FA9-28E5-425F-8477-F12C2AC2273F}.Debug|Any CPU.Build.0 = Debug|Any CPU
		{00558FA9-28E5-425F-8477-F12C2AC2273F}.Release|Any CPU.ActiveCfg = Release|Any CPU
		{00558FA9-28E5-425F-8477-F12C2AC2273F}.Release|Any CPU.Build.0 = Release|Any CPU
	EndGlobalSection
	GlobalSection(SolutionProperties) = preSolution
		HideSolutionNode = FALSE
	EndGlobalSection
	GlobalSection(ExtensibilityGlobals) = postSolution
		SolutionGuid = {AF537838-345E-42B5-9F56-945A1E597810}
	EndGlobalSection
EndGlobal
